{
  "name": "emergency",
  "lockfileVersion": 3,
  "requires": true,
  "packages": {
    "": {
      "dependencies": {
        "framer-motion": "^12.38.0",
        "lucide-react": "^1.14.0",
        "socket.io-client": "^4.8.3",
        "zustand": "^5.0.13"
      }
    },
    "node_modules/@socket.io/component-emitter": {
      "version": "3.1.2",
      "resolved": "https://registry.npmjs.org/@socket.io/component-emitter/-/component-emitter-3.1.2.tgz",
      "integrity": "sha512-9BCxFwvbGg/RsZK9tjXd8s4UcwR0MWeFQ1XEKIQVVvAGJyINdrqKMcTRyLoK8Rse1GjzLV9cwjWV1olXRWEXVA==",
      "license": "MIT"
    },
    "node_modules/debug": {
      "version": "4.4.3",
      "resolved": "https://registry.npmjs.org/debug/-/debug-4.4.3.tgz",
      "integrity": "sha512-RGwwWnwQvkVfavKVt22FGLw+xYSdzARwm0ru6DhTVA3umU5hZc28V3kO4stgYryrTlLpuvgI9GiijltAjNbcqA==",
      "license": "MIT",
      "dependencies": {
        "ms": "^2.1.3"
      },
      "engines": {
        "node": ">=6.0"
      },
      "peerDependenciesMeta": {
        "supports-color": {
          "optional": true
        }
      }
    },
    "node_modules/engine.io-client": {
      "version": "6.6.4",
      "resolved": "https://registry.npmjs.org/engine.io-client/-/engine.io-client-6.6.4.tgz",
      "integrity": "sha512-+kjUJnZGwzewFDw951CDWcwj35vMNf2fcj7xQWOctq1F2i1jkDdVvdFG9kM/BEChymCH36KgjnW0NsL58JYRxw==",
      "license": "MIT",
      "dependencies": {
        "@socket.io/component-emitter": "~3.1.0",
        "debug": "~4.4.1",
        "engine.io-parser": "~5.2.1",
        "ws": "~8.18.3",
        "xmlhttprequest-ssl": "~2.1.1"
      }
    },
    "node_modules/engine.io-parser": {
      "version": "5.2.3",
      "resolved": "https://registry.npmjs.org/engine.io-parser/-/engine.io-parser-5.2.3.tgz",
      "integrity": "sha512-HqD3yTBfnBxIrbnM1DoD6Pcq8NECnh8d4As1Qgh0z5Gg3jRRIqijury0CL3ghu/edArpUYiYqQiDUQBIs4np3Q==",
      "license": "MIT",
      "engines": {
        "node": ">=10.0.0"
      }
    },
    "node_modules/framer-motion": {
      "version": "12.38.0",
      "resolved": "https://registry.npmjs.org/framer-motion/-/framer-motion-12.38.0.tgz",
      "integrity": "sha512-rFYkY/pigbcswl1XQSb7q424kSTQ8q6eAC+YUsSKooHQYuLdzdHjrt6uxUC+PRAO++q5IS7+TamgIw1AphxR+g==",
      "license": "MIT",
      "dependencies": {
        "motion-dom": "^12.38.0",
        "motion-utils": "^12.36.0",
        "tslib": "^2.4.0"
      },
      "peerDependencies": {
        "@emotion/is-prop-valid": "*",
        "react": "^18.0.0 || ^19.0.0",
        "react-dom": "^18.0.0 || ^19.0.0"
      },
      "peerDependenciesMeta": {
        "@emotion/is-prop-valid": {
          "optional": true
        },
        "react": {
          "optional": true
        },
        "react-dom": {
          "optional": true
        }
      }
    },
    "node_modules/lucide-react": {
      "version": "1.14.0",
      "resolved": "https://registry.npmjs.org/lucide-react/-/lucide-react-1.14.0.tgz",
      "integrity": "sha512-+1mdWcfSJVUsaTIjN9zoezmUhfXo5l0vP7ekBMPo3jcS/aIkxHnXqAPsByszMZx/Y8oQBRJxJx5xg+RH3urzxA==",
      "license": "ISC",
      "peerDependencies": {
        "react": "^16.5.1 || ^17.0.0 || ^18.0.0 || ^19.0.0"
      }
    },
    "node_modules/motion-dom": {
      "version": "12.38.0",
      "resolved": "https://registry.npmjs.org/motion-dom/-/motion-dom-12.38.0.tgz",
      "integrity": "sha512-pdkHLD8QYRp8VfiNLb8xIBJis1byQ9gPT3Jnh2jqfFtAsWUA3dEepDlsWe/xMpO8McV+VdpKVcp+E+TGJEtOoA==",
      "license": "MIT",
      "dependencies": {
        "motion-utils": "^12.36.0"
      }
    },
    "node_modules/motion-utils": {
      "version": "12.36.0",
      "resolved": "https://registry.npmjs.org/motion-utils/-/motion-utils-12.36.0.tgz",
      "integrity": "sha512-eHWisygbiwVvf6PZ1vhaHCLamvkSbPIeAYxWUuL3a2PD/TROgE7FvfHWTIH4vMl798QLfMw15nRqIaRDXTlYRg==",
      "license": "MIT"
    },
    "node_modules/ms": {
      "version": "2.1.3",
      "resolved": "https://registry.npmjs.org/ms/-/ms-2.1.3.tgz",
      "integrity": "sha512-6FlzubTLZG3J2a/NVCAleEhjzq5oxgHyaCU9yYXvcLsvoVaHJq/s5xXI6/XXP6tz7R9xAOtHnSO/tXtF3WRTlA==",
      "license": "MIT"
    },
    "node_modules/react": {
      "version": "19.2.5",
      "resolved": "https://registry.npmjs.org/react/-/react-19.2.5.tgz",
      "integrity": "sha512-llUJLzz1zTUBrskt2pwZgLq59AemifIftw4aB7JxOqf1HY2FDaGDxgwpAPVzHU1kdWabH7FauP4i1oEeer2WCA==",
      "license": "MIT",
      "peer": true,
      "engines": {
        "node": ">=0.10.0"
      }
    },
    "node_modules/socket.io-client": {
      "version": "4.8.3",
      "resolved": "https://registry.npmjs.org/socket.io-client/-/socket.io-client-4.8.3.tgz",
      "integrity": "sha512-uP0bpjWrjQmUt5DTHq9RuoCBdFJF10cdX9X+a368j/Ft0wmaVgxlrjvK3kjvgCODOMMOz9lcaRzxmso0bTWZ/g==",
      "license": "MIT",
      "dependencies": {
        "@socket.io/component-emitter": "~3.1.0",
        "debug": "~4.4.1",
        "engine.io-client": "~6.6.1",
        "socket.io-parser": "~4.2.4"
      },
      "engines": {
        "node": ">=10.0.0"
      }
    },
    "node_modules/socket.io-parser": {
      "version": "4.2.6",
      "resolved": "https://registry.npmjs.org/socket.io-parser/-/socket.io-parser-4.2.6.tgz",
      "integrity": "sha512-asJqbVBDsBCJx0pTqw3WfesSY0iRX+2xzWEWzrpcH7L6fLzrhyF8WPI8UaeM4YCuDfpwA/cgsdugMsmtz8EJeg==",
      "license": "MIT",
      "dependencies": {
        "@socket.io/component-emitter": "~3.1.0",
        "debug": "~4.4.1"
      },
      "engines": {
        "node": ">=10.0.0"
      }
    },
    "node_modules/tslib": {
      "version": "2.8.1",
      "resolved": "https://registry.npmjs.org/tslib/-/tslib-2.8.1.tgz",
      "integrity": "sha512-oJFu94HQb+KVduSUQL7wnpmqnfmLsOA/nAh6b6EH0wCEoK0/mPeXU6c3wKDV83MkOuHPRHtSXKKU99IBazS/2w==",
      "license": "0BSD"
    },
    "node_modules/ws": {
      "version": "8.18.3",
      "resolved": "https://registry.npmjs.org/ws/-/ws-8.18.3.tgz",
      "integrity": "sha512-PEIGCY5tSlUt50cqyMXfCzX+oOPqN0vuGqWzbcJ2xvnkzkq46oOpz7dQaTDBdfICb4N14+GARUDw2XV2N4tvzg==",
      "license": "MIT",
      "engines": {
        "node": ">=10.0.0"
      },
      "peerDependencies": {
        "bufferutil": "^4.0.1",
        "utf-8-validate": ">=5.0.2"
      },
      "peerDependenciesMeta": {
        "bufferutil": {
          "optional": true
        },
        "utf-8-validate": {
          "optional": true
        }
      }
    },
    "node_modules/xmlhttprequest-ssl": {
      "version": "2.1.2",
      "resolved": "https://registry.npmjs.org/xmlhttprequest-ssl/-/xmlhttprequest-ssl-2.1.2.tgz",
      "integrity": "sha512-TEU+nJVUUnA4CYJFLvK5X9AOeH4KvDvhIfm0vV1GaQRtchnG0hgK5p8hw/xjv8cunWYCsiPCSDzObPyhEwq3KQ==",
      "engines": {
        "node": ">=0.4.0"
      }
    },
    "node_modules/zustand": {
      "version": "5.0.13",
      "resolved": "https://registry.npmjs.org/zustand/-/zustand-5.0.13.tgz",
      "integrity": "sha512-efI2tVaVQPqtOh114loML/Z80Y4NP3yc+Ff0fYiZJPauNeWZeIp/bRFD7I9bfmCOYBh/PHxlglQ9+wvlwnPikQ==",
      "license": "MIT",
      "engines": {
        "node": ">=12.20.0"
      },
      "peerDependencies": {
        "@types/react": ">=18.0.0",
        "immer": ">=9.0.6",
        "react": ">=18.0.0",
        "use-sync-external-store": ">=1.2.0"
      },
      "peerDependenciesMeta": {
        "@types/react": {
          "optional": true
        },
        "immer": {
          "optional": true
        },
        "react": {
          "optional": true
        },
        "use-sync-external-store": {
          "optional": true
        }
      }
    }
  }
}
